github.com/agnivade/levenshtein v1.2.1 h1:EHBY3UOn1gwdy/VbFwgo4cxecRznFk7fKWN1KOX7eoM=
github.com/agnivade/levenshtein v1.2.1/go.mod h1:QVVI16kDrtSuwcpd0p1+xMC6Z/VfhtCyDIjcwga4/DU=
github.com/vektah/gqlparser/v2 v2.5.31 h1:YhWGA1mfTjID7qJhd1+Vxhpk5HTgydrGU9IgkWBTJ7k=
github.com/vektah/gqlparser/v2 v2.5.31/go.mod h1:c1I28gSOVNzlfc4WuDlqU7voQnsqI6OG2amkBAFmgts=
